{
  "originHash" : "00b04f811d200a6a9ec61756ea1f2fa323c9ce8b5751533ea2d345fc1ea72d1a",
  "pins" : [
    {
      "identity" : "nuke",
      "kind" : "remoteSourceControl",
      "location" : "https://github.com/kean/Nuke",
      "state" : {
        "revision" : "0ead44350d2737db384908569c012fe67c421e4d",
        "version" : "12.8.0"
      }
    },
    {
      "identity" : "pksdependencyengine",
      "kind" : "remoteSourceControl",
      "location" : "https://github.com/ohk/PKSDependencyEngine",
      "state" : {
        "revision" : "2a930e6cd3b8f8fb36164a900c9b3a097ef3877f",
        "version" : "1.0.0"
      }
    },
    {
      "identity" : "pksnavigation",
      "kind" : "remoteSourceControl",
      "location" : "https://github.com/ohk/PKSNavigation.git",
      "state" : {
        "revision" : "ef0603f107bc64f452e30e14d9a0e92185ef330c",
        "version" : "1.0.0"
      }
    }
  ],
  "version" : 3
}
