{
  "originHash" : "d7623e635f411c0c40750431e3c8670d1dcba408a1eb67cf9d3606d694d44b71",
  "pins" : [
    {
      "identity" : "nuke",
      "kind" : "remoteSourceControl",
      "location" : "https://github.com/kean/Nuke",
      "state" : {
        "revision" : "0ead44350d2737db384908569c012fe67c421e4d",
        "version" : "12.8.0"
      }
    },
    {
      "identity" : "pksdependencyengine",
      "kind" : "remoteSourceControl",
      "location" : "https://github.com/ohk/PKSDependencyEngine",
      "state" : {
        "revision" : "2a930e6cd3b8f8fb36164a900c9b3a097ef3877f",
        "version" : "1.0.0"
      }
    },
    {
      "identity" : "pksnavigation",
      "kind" : "remoteSourceControl",
      "location" : "https://github.com/ohk/PKSNavigation.git",
      "state" : {
        "branch" : "develop",
        "revision" : "ebfb7aef9d0d67a6b7ae5088d5477693cfa95206"
      }
    }
  ],
  "version" : 3
}
